
Microsoft Visual Studio Solution File, Format Version 12.00
# Visual Studio 15
VisualStudioVersion = 15.0.27428.2015
MinimumVisualStudioVersion = 10.0.40219.1
Project("{FAE04EC0-301F-11D3-BF4B-00C04F79EFBC}") = "MontclairStore", "MontclairStore\MontclairStore.csproj", "{05A1A635-E5C7-4AAF-9337-6DD573862DC7}"
EndProject
Project("{FAE04EC0-301F-11D3-BF4B-00C04F79EFBC}") = "MontclairStore.Tests", "MontclairStore.Tests\MontclairStore.Tests.csproj", "{37111022-9093-448C-BC9C-6D0DF96936ED}"
EndProject
Project("{FAE04EC0-301F-11D3-BF4B-00C04F79EFBC}") = "MontclairModels", "MontclairModels\MontclairModels.csproj", "{379F81C7-51DD-4F2C-A9BF-E63699B7BCF1}"
EndProject
Global
	GlobalSection(SolutionConfigurationPlatforms) = preSolution
		Debug|Any CPU = Debug|Any CPU
		Release|Any CPU = Release|Any CPU
	EndGlobalSection
	GlobalSection(ProjectConfigurationPlatforms) = postSolution
		{05A1A635-E5C7-4AAF-9337-6DD573862DC7}.Debug|Any CPU.ActiveCfg = Debug|Any CPU
		{05A1A635-E5C7-4AAF-9337-6DD573862DC7}.Debug|Any CPU.Build.0 = Debug|Any CPU
		{05A1A635-E5C7-4AAF-9337-6DD573862DC7}.Release|Any CPU.ActiveCfg = Release|Any CPU
		{05A1A635-E5C7-4AAF-9337-6DD573862DC7}.Release|Any CPU.Build.0 = Release|Any CPU
		{37111022-9093-448C-BC9C-6D0DF96936ED}.Debug|Any CPU.ActiveCfg = Debug|Any CPU
		{37111022-9093-448C-BC9C-6D0DF96936ED}.Debug|Any CPU.Build.0 = Debug|Any CPU
		{37111022-9093-448C-BC9C-6D0DF96936ED}.Release|Any CPU.ActiveCfg = Release|Any CPU
		{37111022-9093-448C-BC9C-6D0DF96936ED}.Release|Any CPU.Build.0 = Release|Any CPU
		{379F81C7-51DD-4F2C-A9BF-E63699B7BCF1}.Debug|Any CPU.ActiveCfg = Debug|Any CPU
		{379F81C7-51DD-4F2C-A9BF-E63699B7BCF1}.Debug|Any CPU.Build.0 = Debug|Any CPU
		{379F81C7-51DD-4F2C-A9BF-E63699B7BCF1}.Release|Any CPU.ActiveCfg = Release|Any CPU
		{379F81C7-51DD-4F2C-A9BF-E63699B7BCF1}.Release|Any CPU.Build.0 = Release|Any CPU
	EndGlobalSection
	GlobalSection(SolutionProperties) = preSolution
		HideSolutionNode = FALSE
	EndGlobalSection
	GlobalSection(ExtensibilityGlobals) = postSolution
		SolutionGuid = {A45A1CEB-2C22-4040-B672-CD3E99D84DF6}
	EndGlobalSection
EndGlobal
